version = 1
revision = 2
requires-python = ">=3.8"
resolution-markers = [
    "python_full_version >= '3.9'",
    "python_full_version < '3.9'",
]

[[package]]
name = "boto"
version = "2.49.0"
source = { registry = "https://pypi.org/simple" }
sdist = { url = "https://files.pythonhosted.org/packages/c8/af/54a920ff4255664f5d238b5aebd8eedf7a07c7a5e71e27afcfe840b82f51/boto-2.49.0.tar.gz", hash = "sha256:ea0d3b40a2d852767be77ca343b58a9e3a4b00d9db440efb8da74b4e58025e5a", size = 1478498, upload-time = "2018-07-11T20:58:58.057Z" }
wheels = [
    { url = "https://files.pythonhosted.org/packages/23/10/c0b78c27298029e4454a472a1919bde20cb182dab1662cec7f2ca1dcc523/boto-2.49.0-py2.py3-none-any.whl", hash = "sha256:147758d41ae7240dc989f0039f27da8ca0d53734be0eb869ef16e3adcfa462e8", size = 1359202, upload-time = "2018-07-11T20:58:55.711Z" },
]

[[package]]
name = "pytool"
version = "4.0.0"
source = { registry = "https://pypi.org/simple" }
resolution-markers = [
    "python_full_version < '3.9'",
]
dependencies = [
    { name = "simplejson", marker = "python_full_version < '3.9'" },
    { name = "six", marker = "python_full_version < '3.9'" },
]
sdist = { url = "https://files.pythonhosted.org/packages/91/84/026e4cb843dd960bd1c1db5713f61ffa175a4cbc87f4f5db4e0bf892822c/pytool-4.0.0.tar.gz", hash = "sha256:6bac9ceaaaab958e03fb2c59a5bea47d42e406f46b89561a7b40067454b01ea7", size = 19768, upload-time = "2023-12-02T04:46:53.417Z" }
wheels = [
    { url = "https://files.pythonhosted.org/packages/b6/e5/0cdc59f524f1b1f739b58006188bbe551926e1ff650571b45601a854227b/pytool-4.0.0-py3-none-any.whl", hash = "sha256:dd8094f8e2e617e886057aa3af55d86fee429d167a4969dc1395169fe0c9b6ef", size = 22043, upload-time = "2023-12-02T04:46:51.734Z" },
]

[[package]]
name = "pytool"
version = "6.0.3"
source = { registry = "https://pypi.org/simple" }
resolution-markers = [
    "python_full_version >= '3.9'",
]
dependencies = [
    { name = "simplejson", marker = "python_full_version >= '3.9'" },
]
sdist = { url = "https://files.pythonhosted.org/packages/be/13/9884ee0c6aa49774eeccd0558e26c9325bd15384b0ecff2038a29d457458/pytool-6.0.3.tar.gz", hash = "sha256:4cd8ae2aab998c672726194bc09115f2c7b25ad276b2fd6cc37df959f1abcbb2", size = 31060, upload-time = "2025-06-10T20:55:53.705Z" }
wheels = [
    { url = "https://files.pythonhosted.org/packages/f7/27/90a1da41e5c493f7f6173e8ddb29341d4e004b1d69626076a2cb5781d537/pytool-6.0.3-py3-none-any.whl", hash = "sha256:50c5284fbe8abe4170bd2c4c05301b424d9c469cd4254f7a4e91b8aefb61011a", size = 23607, upload-time = "2025-06-10T20:55:52.274Z" },
]

[[package]]
name = "s3peat"
version = "1.0.0"
source = { editable = "." }
dependencies = [
    { name = "boto" },
    { name = "pytool", version = "4.0.0", source = { registry = "https://pypi.org/simple" }, marker = "python_full_version < '3.9'" },
    { name = "pytool", version = "6.0.3", source = { registry = "https://pypi.org/simple" }, marker = "python_full_version >= '3.9'" },
]

[package.metadata]
requires-dist = [
    { name = "boto" },
    { name = "pytool" },
]

[package.metadata.requires-dev]
dev = []

[[package]]
name = "simplejson"
version = "3.20.1"
source = { registry = "https://pypi.org/simple" }
sdist = { url = "https://files.pythonhosted.org/packages/af/92/51b417685abd96b31308b61b9acce7ec50d8e1de8fbc39a7fd4962c60689/simplejson-3.20.1.tar.gz", hash = "sha256:e64139b4ec4f1f24c142ff7dcafe55a22b811a74d86d66560c8815687143037d", size = 85591, upload-time = "2025-02-15T05:18:53.15Z" }
wheels = [
    { url = "https://files.pythonhosted.org/packages/25/c4/627214fb418cd4a17fb0230ff0b6c3bb4a85cbb48dd69c85dcc3b85df828/simplejson-3.20.1-cp310-cp310-macosx_10_9_universal2.whl", hash = "sha256:e580aa65d5f6c3bf41b9b4afe74be5d5ddba9576701c107c772d936ea2b5043a", size = 93790, upload-time = "2025-02-15T05:15:32.954Z" },
    { url = "https://files.pythonhosted.org/packages/15/ca/56a6a2a33cbcf330c4d71af3f827c47e4e0ba791e78f2642f3d1ab02ff31/simplejson-3.20.1-cp310-cp310-macosx_10_9_x86_64.whl", hash = "sha256:4a586ce4f78cec11f22fe55c5bee0f067e803aab9bad3441afe2181693b5ebb5", size = 75707, upload-time = "2025-02-15T05:15:34.954Z" },
    { url = "https://files.pythonhosted.org/packages/a9/c8/3d92b67e03a3b6207d97202669f9454ed700b35ade9bd4428265a078fb6c/simplejson-3.20.1-cp310-cp310-macosx_11_0_arm64.whl", hash = "sha256:74a1608f9e6e8c27a4008d70a54270868306d80ed48c9df7872f9f4b8ac87808", size = 75700, upload-time = "2025-02-15T05:15:37.144Z" },
    { url = "https://files.pythonhosted.org/packages/74/30/20001219d6fdca4aaa3974c96dfb6955a766b4e2cc950505a5b51fd050b0/simplejson-3.20.1-cp310-cp310-manylinux_2_17_aarch64.manylinux2014_aarch64.whl", hash = "sha256:03db8cb64154189a92a7786209f24e391644f3a3fa335658be2df2af1960b8d8", size = 138672, upload-time = "2025-02-15T05:15:38.547Z" },
    { url = "https://files.pythonhosted.org/packages/21/47/50157810876c2a7ebbd6e6346ec25eda841fe061fecaa02538a7742a3d2a/simplejson-3.20.1-cp310-cp310-manylinux_2_17_ppc64le.manylinux2014_ppc64le.whl", hash = "sha256:eea7e2b7d858f6fdfbf0fe3cb846d6bd8a45446865bc09960e51f3d473c2271b", size = 146616, upload-time = "2025-02-15T05:15:39.871Z" },
    { url = "https://files.pythonhosted.org/packages/95/60/8c97cdc93096437b0aca2745aca63c880fe2315fd7f6a6ce6edbb344a2ae/simplejson-3.20.1-cp310-cp310-manylinux_2_5_i686.manylinux1_i686.manylinux_2_17_i686.manylinux2014_i686.whl", hash = "sha256:e66712b17d8425bb7ff8968d4c7c7fd5a2dd7bd63728b28356223c000dd2f91f", size = 134344, upload-time = "2025-02-15T05:15:42.091Z" },
    { url = "https://files.pythonhosted.org/packages/bb/9e/da184f0e9bb3a5d7ffcde713bd41b4fe46cca56b6f24d9bd155fac56805a/simplejson-3.20.1-cp310-cp310-manylinux_2_5_x86_64.manylinux1_x86_64.manylinux_2_17_x86_64.manylinux2014_x86_64.whl", hash = "sha256:a2cc4f6486f9f515b62f5831ff1888886619b84fc837de68f26d919ba7bbdcbc", size = 138017, upload-time = "2025-02-15T05:15:43.542Z" },
    { url = "https://files.pythonhosted.org/packages/31/db/00d1a8d9b036db98f678c8a3c69ed17d2894d1768d7a00576e787ad3e546/simplejson-3.20.1-cp310-cp310-musllinux_1_2_aarch64.whl", hash = "sha256:a3c2df555ee4016148fa192e2b9cd9e60bc1d40769366134882685e90aee2a1e", size = 140118, upload-time = "2025-02-15T05:15:45.7Z" },
    { url = "https://files.pythonhosted.org/packages/52/21/57fc47eab8c1c73390b933a5ba9271f08e3e1ec83162c580357f28f5b97c/simplejson-3.20.1-cp310-cp310-musllinux_1_2_i686.whl", hash = "sha256:78520f04b7548a5e476b5396c0847e066f1e0a4c0c5e920da1ad65e95f410b11", size = 140314, upload-time = "2025-02-15T05:16:07.949Z" },
    { url = "https://files.pythonhosted.org/packages/ad/cc/7cfd78d1e0fa5e57350b98cfe77353b6dfa13dce21afa4060e1019223852/simplejson-3.20.1-cp310-cp310-musllinux_1_2_ppc64le.whl", hash = "sha256:f4bd49ecde87b0fe9f55cc971449a32832bca9910821f7072bbfae1155eaa007", size = 148544, upload-time = "2025-02-15T05:16:09.455Z" },
    { url = "https://files.pythonhosted.org/packages/63/26/1c894a1c2bd95dc8be0cf5a2fa73b0d173105b6ca18c90cb981ff10443d0/simplejson-3.20.1-cp310-cp310-musllinux_1_2_x86_64.whl", hash = "sha256:7eaae2b88eb5da53caaffdfa50e2e12022553949b88c0df4f9a9663609373f72", size = 141172, upload-time = "2025-02-15T05:16:10.966Z" },
    { url = "https://files.pythonhosted.org/packages/93/27/0717dccc10cd9988dbf1314def52ab32678a95a95328bb37cafacf499400/simplejson-3.20.1-cp310-cp310-win32.whl", hash = "sha256:e836fb88902799eac8debc2b642300748f4860a197fa3d9ea502112b6bb8e142", size = 74181, upload-time = "2025-02-15T05:16:12.361Z" },
    { url = "https://files.pythonhosted.org/packages/5f/af/593f896573f306519332d4287b1ab8b7b888c239bbd5159f7054d7055c2d/simplejson-3.20.1-cp310-cp310-win_amd64.whl", hash = "sha256:b122a19b552b212fc3b5b96fc5ce92333d4a9ac0a800803e1f17ebb16dac4be5", size = 75738, upload-time = "2025-02-15T05:16:14.438Z" },
    { url = "https://files.pythonhosted.org/packages/76/59/74bc90d1c051bc2432c96b34bd4e8036875ab58b4fcbe4d6a5a76985f853/simplejson-3.20.1-cp311-cp311-macosx_10_9_universal2.whl", hash = "sha256:325b8c107253d3217e89d7b50c71015b5b31e2433e6c5bf38967b2f80630a8ca", size = 92132, upload-time = "2025-02-15T05:16:15.743Z" },
    { url = "https://files.pythonhosted.org/packages/71/c7/1970916e0c51794fff89f76da2f632aaf0b259b87753c88a8c409623d3e1/simplejson-3.20.1-cp311-cp311-macosx_10_9_x86_64.whl", hash = "sha256:88a7baa8211089b9e58d78fbc1b0b322103f3f3d459ff16f03a36cece0d0fcf0", size = 74956, upload-time = "2025-02-15T05:16:17.062Z" },
    { url = "https://files.pythonhosted.org/packages/c8/0d/98cc5909180463f1d75fac7180de62d4cdb4e82c4fef276b9e591979372c/simplejson-3.20.1-cp311-cp311-macosx_11_0_arm64.whl", hash = "sha256:299b1007b8101d50d95bc0db1bf5c38dc372e85b504cf77f596462083ee77e3f", size = 74772, upload-time = "2025-02-15T05:16:19.204Z" },
    { url = "https://files.pythonhosted.org/packages/e1/94/a30a5211a90d67725a3e8fcc1c788189f2ae2ed2b96b63ed15d0b7f5d6bb/simplejson-3.20.1-cp311-cp311-manylinux_2_17_aarch64.manylinux2014_aarch64.whl", hash = "sha256:03ec618ed65caab48e81e3ed29586236a8e57daef792f1f3bb59504a7e98cd10", size = 143575, upload-time = "2025-02-15T05:16:21.337Z" },
    { url = "https://files.pythonhosted.org/packages/ee/08/cdb6821f1058eb5db46d252de69ff7e6c53f05f1bae6368fe20d5b51d37e/simplejson-3.20.1-cp311-cp311-manylinux_2_17_ppc64le.manylinux2014_ppc64le.whl", hash = "sha256:cd2cdead1d3197f0ff43373cf4730213420523ba48697743e135e26f3d179f38", size = 153241, upload-time = "2025-02-15T05:16:22.859Z" },
    { url = "https://files.pythonhosted.org/packages/4c/2d/ca3caeea0bdc5efc5503d5f57a2dfb56804898fb196dfada121323ee0ccb/simplejson-3.20.1-cp311-cp311-manylinux_2_5_i686.manylinux1_i686.manylinux_2_17_i686.manylinux2014_i686.whl", hash = "sha256:3466d2839fdc83e1af42e07b90bc8ff361c4e8796cd66722a40ba14e458faddd", size = 141500, upload-time = "2025-02-15T05:16:25.068Z" },
    { url = "https://files.pythonhosted.org/packages/e1/33/d3e0779d5c58245e7370c98eb969275af6b7a4a5aec3b97cbf85f09ad328/simplejson-3.20.1-cp311-cp311-manylinux_2_5_x86_64.manylinux1_x86_64.manylinux_2_17_x86_64.manylinux2014_x86_64.whl", hash = "sha256:d492ed8e92f3a9f9be829205f44b1d0a89af6582f0cf43e0d129fa477b93fe0c", size = 144757, upload-time = "2025-02-15T05:16:28.301Z" },
    { url = "https://files.pythonhosted.org/packages/54/53/2d93128bb55861b2fa36c5944f38da51a0bc6d83e513afc6f7838440dd15/simplejson-3.20.1-cp311-cp311-musllinux_1_2_aarch64.whl", hash = "sha256:f924b485537b640dc69434565463fd6fc0c68c65a8c6e01a823dd26c9983cf79", size = 144409, upload-time = "2025-02-15T05:16:29.687Z" },
    { url = "https://files.pythonhosted.org/packages/99/4c/dac310a98f897ad3435b4bdc836d92e78f09e38c5dbf28211ed21dc59fa2/simplejson-3.20.1-cp311-cp311-musllinux_1_2_i686.whl", hash = "sha256:9e8eacf6a3491bf76ea91a8d46726368a6be0eb94993f60b8583550baae9439e", size = 146082, upload-time = "2025-02-15T05:16:31.064Z" },
    { url = "https://files.pythonhosted.org/packages/ee/22/d7ba958cfed39827335b82656b1c46f89678faecda9a7677b47e87b48ee6/simplejson-3.20.1-cp311-cp311-musllinux_1_2_ppc64le.whl", hash = "sha256:d34d04bf90b4cea7c22d8b19091633908f14a096caa301b24c2f3d85b5068fb8", size = 154339, upload-time = "2025-02-15T05:16:32.719Z" },
    { url = "https://files.pythonhosted.org/packages/b8/c8/b072b741129406a7086a0799c6f5d13096231bf35fdd87a0cffa789687fc/simplejson-3.20.1-cp311-cp311-musllinux_1_2_x86_64.whl", hash = "sha256:69dd28d4ce38390ea4aaf212902712c0fd1093dc4c1ff67e09687c3c3e15a749", size = 147915, upload-time = "2025-02-15T05:16:34.291Z" },
    { url = "https://files.pythonhosted.org/packages/6c/46/8347e61e9cf3db5342a42f7fd30a81b4f5cf85977f916852d7674a540907/simplejson-3.20.1-cp311-cp311-win32.whl", hash = "sha256:dfe7a9da5fd2a3499436cd350f31539e0a6ded5da6b5b3d422df016444d65e43", size = 73972, upload-time = "2025-02-15T05:16:35.712Z" },
    { url = "https://files.pythonhosted.org/packages/01/85/b52f24859237b4e9d523d5655796d911ba3d46e242eb1959c45b6af5aedd/simplejson-3.20.1-cp311-cp311-win_amd64.whl", hash = "sha256:896a6c04d7861d507d800da7642479c3547060bf97419d9ef73d98ced8258766", size = 75595, upload-time = "2025-02-15T05:16:36.957Z" },
    { url = "https://files.pythonhosted.org/packages/8d/eb/34c16a1ac9ba265d024dc977ad84e1659d931c0a700967c3e59a98ed7514/simplejson-3.20.1-cp312-cp312-macosx_10_9_universal2.whl", hash = "sha256:f31c4a3a7ab18467ee73a27f3e59158255d1520f3aad74315edde7a940f1be23", size = 93100, upload-time = "2025-02-15T05:16:38.801Z" },
    { url = "https://files.pythonhosted.org/packages/41/fc/2c2c007d135894971e6814e7c0806936e5bade28f8db4dd7e2a58b50debd/simplejson-3.20.1-cp312-cp312-macosx_10_9_x86_64.whl", hash = "sha256:884e6183d16b725e113b83a6fc0230152ab6627d4d36cb05c89c2c5bccfa7bc6", size = 75464, upload-time = "2025-02-15T05:16:40.905Z" },
    { url = "https://files.pythonhosted.org/packages/0f/05/2b5ecb33b776c34bb5cace5de5d7669f9b60e3ca13c113037b2ca86edfbd/simplejson-3.20.1-cp312-cp312-macosx_11_0_arm64.whl", hash = "sha256:03d7a426e416fe0d3337115f04164cd9427eb4256e843a6b8751cacf70abc832", size = 75112, upload-time = "2025-02-15T05:16:42.246Z" },
    { url = "https://files.pythonhosted.org/packages/fe/36/1f3609a2792f06cd4b71030485f78e91eb09cfd57bebf3116bf2980a8bac/simplejson-3.20.1-cp312-cp312-manylinux_2_17_aarch64.manylinux2014_aarch64.whl", hash = "sha256:000602141d0bddfcff60ea6a6e97d5e10c9db6b17fd2d6c66199fa481b6214bb", size = 150182, upload-time = "2025-02-15T05:16:43.557Z" },
    { url = "https://files.pythonhosted.org/packages/2f/b0/053fbda38b8b602a77a4f7829def1b4f316cd8deb5440a6d3ee90790d2a4/simplejson-3.20.1-cp312-cp312-manylinux_2_17_ppc64le.manylinux2014_ppc64le.whl", hash = "sha256:af8377a8af78226e82e3a4349efdde59ffa421ae88be67e18cef915e4023a595", size = 158363, upload-time = "2025-02-15T05:16:45.748Z" },
    { url = "https://files.pythonhosted.org/packages/d1/4b/2eb84ae867539a80822e92f9be4a7200dffba609275faf99b24141839110/simplejson-3.20.1-cp312-cp312-manylinux_2_5_i686.manylinux1_i686.manylinux_2_17_i686.manylinux2014_i686.whl", hash = "sha256:15c7de4c88ab2fbcb8781a3b982ef883696736134e20b1210bca43fb42ff1acf", size = 148415, upload-time = "2025-02-15T05:16:47.861Z" },
    { url = "https://files.pythonhosted.org/packages/e0/bd/400b0bd372a5666addf2540c7358bfc3841b9ce5cdbc5cc4ad2f61627ad8/simplejson-3.20.1-cp312-cp312-manylinux_2_5_x86_64.manylinux1_x86_64.manylinux_2_17_x86_64.manylinux2014_x86_64.whl", hash = "sha256:455a882ff3f97d810709f7b620007d4e0aca8da71d06fc5c18ba11daf1c4df49", size = 152213, upload-time = "2025-02-15T05:16:49.25Z" },
    { url = "https://files.pythonhosted.org/packages/50/12/143f447bf6a827ee9472693768dc1a5eb96154f8feb140a88ce6973a3cfa/simplejson-3.20.1-cp312-cp312-musllinux_1_2_aarch64.whl", hash = "sha256:fc0f523ce923e7f38eb67804bc80e0a028c76d7868500aa3f59225574b5d0453", size = 150048, upload-time = "2025-02-15T05:16:51.5Z" },
    { url = "https://files.pythonhosted.org/packages/5e/ea/dd9b3e8e8ed710a66f24a22c16a907c9b539b6f5f45fd8586bd5c231444e/simplejson-3.20.1-cp312-cp312-musllinux_1_2_i686.whl", hash = "sha256:76461ec929282dde4a08061071a47281ad939d0202dc4e63cdd135844e162fbc", size = 151668, upload-time = "2025-02-15T05:16:53Z" },
    { url = "https://files.pythonhosted.org/packages/99/af/ee52a8045426a0c5b89d755a5a70cc821815ef3c333b56fbcad33c4435c0/simplejson-3.20.1-cp312-cp312-musllinux_1_2_ppc64le.whl", hash = "sha256:ab19c2da8c043607bde4d4ef3a6b633e668a7d2e3d56f40a476a74c5ea71949f", size = 158840, upload-time = "2025-02-15T05:16:54.851Z" },
    { url = "https://files.pythonhosted.org/packages/68/db/ab32869acea6b5de7d75fa0dac07a112ded795d41eaa7e66c7813b17be95/simplejson-3.20.1-cp312-cp312-musllinux_1_2_x86_64.whl", hash = "sha256:b2578bedaedf6294415197b267d4ef678fea336dd78ee2a6d2f4b028e9d07be3", size = 154212, upload-time = "2025-02-15T05:16:56.318Z" },
    { url = "https://files.pythonhosted.org/packages/fa/7a/e3132d454977d75a3bf9a6d541d730f76462ebf42a96fea2621498166f41/simplejson-3.20.1-cp312-cp312-win32.whl", hash = "sha256:339f407373325a36b7fd744b688ba5bae0666b5d340ec6d98aebc3014bf3d8ea", size = 74101, upload-time = "2025-02-15T05:16:57.746Z" },
    { url = "https://files.pythonhosted.org/packages/bc/5d/4e243e937fa3560107c69f6f7c2eed8589163f5ed14324e864871daa2dd9/simplejson-3.20.1-cp312-cp312-win_amd64.whl", hash = "sha256:627d4486a1ea7edf1f66bb044ace1ce6b4c1698acd1b05353c97ba4864ea2e17", size = 75736, upload-time = "2025-02-15T05:16:59.017Z" },
    { url = "https://files.pythonhosted.org/packages/c4/03/0f453a27877cb5a5fff16a975925f4119102cc8552f52536b9a98ef0431e/simplejson-3.20.1-cp313-cp313-macosx_10_13_universal2.whl", hash = "sha256:71e849e7ceb2178344998cbe5ade101f1b329460243c79c27fbfc51c0447a7c3", size = 93109, upload-time = "2025-02-15T05:17:00.377Z" },
    { url = "https://files.pythonhosted.org/packages/74/1f/a729f4026850cabeaff23e134646c3f455e86925d2533463420635ae54de/simplejson-3.20.1-cp313-cp313-macosx_10_13_x86_64.whl", hash = "sha256:b63fdbab29dc3868d6f009a59797cefaba315fd43cd32ddd998ee1da28e50e29", size = 75475, upload-time = "2025-02-15T05:17:02.544Z" },
    { url = "https://files.pythonhosted.org/packages/e2/14/50a2713fee8ff1f8d655b1a14f4a0f1c0c7246768a1b3b3d12964a4ed5aa/simplejson-3.20.1-cp313-cp313-macosx_11_0_arm64.whl", hash = "sha256:1190f9a3ce644fd50ec277ac4a98c0517f532cfebdcc4bd975c0979a9f05e1fb", size = 75112, upload-time = "2025-02-15T05:17:03.875Z" },
    { url = "https://files.pythonhosted.org/packages/45/86/ea9835abb646755140e2d482edc9bc1e91997ed19a59fd77ae4c6a0facea/simplejson-3.20.1-cp313-cp313-manylinux_2_17_aarch64.manylinux2014_aarch64.whl", hash = "sha256:c1336ba7bcb722ad487cd265701ff0583c0bb6de638364ca947bb84ecc0015d1", size = 150245, upload-time = "2025-02-15T05:17:06.899Z" },
    { url = "https://files.pythonhosted.org/packages/12/b4/53084809faede45da829fe571c65fbda8479d2a5b9c633f46b74124d56f5/simplejson-3.20.1-cp313-cp313-manylinux_2_17_ppc64le.manylinux2014_ppc64le.whl", hash = "sha256:e975aac6a5acd8b510eba58d5591e10a03e3d16c1cf8a8624ca177491f7230f0", size = 158465, upload-time = "2025-02-15T05:17:08.707Z" },
    { url = "https://files.pythonhosted.org/packages/a9/7d/d56579468d1660b3841e1f21c14490d103e33cf911886b22652d6e9683ec/simplejson-3.20.1-cp313-cp313-manylinux_2_5_i686.manylinux1_i686.manylinux_2_17_i686.manylinux2014_i686.whl", hash = "sha256:6a6dd11ee282937ad749da6f3b8d87952ad585b26e5edfa10da3ae2536c73078", size = 148514, upload-time = "2025-02-15T05:17:11.323Z" },
    { url = "https://files.pythonhosted.org/packages/19/e3/874b1cca3d3897b486d3afdccc475eb3a09815bf1015b01cf7fcb52a55f0/simplejson-3.20.1-cp313-cp313-manylinux_2_5_x86_64.manylinux1_x86_64.manylinux_2_17_x86_64.manylinux2014_x86_64.whl", hash = "sha256:ab980fcc446ab87ea0879edad41a5c28f2d86020014eb035cf5161e8de4474c6", size = 152262, upload-time = "2025-02-15T05:17:13.543Z" },
    { url = "https://files.pythonhosted.org/packages/32/84/f0fdb3625292d945c2bd13a814584603aebdb38cfbe5fe9be6b46fe598c4/simplejson-3.20.1-cp313-cp313-musllinux_1_2_aarch64.whl", hash = "sha256:f5aee2a4cb6b146bd17333ac623610f069f34e8f31d2f4f0c1a2186e50c594f0", size = 150164, upload-time = "2025-02-15T05:17:15.021Z" },
    { url = "https://files.pythonhosted.org/packages/95/51/6d625247224f01eaaeabace9aec75ac5603a42f8ebcce02c486fbda8b428/simplejson-3.20.1-cp313-cp313-musllinux_1_2_i686.whl", hash = "sha256:652d8eecbb9a3b6461b21ec7cf11fd0acbab144e45e600c817ecf18e4580b99e", size = 151795, upload-time = "2025-02-15T05:17:16.542Z" },
    { url = "https://files.pythonhosted.org/packages/7f/d9/bb921df6b35be8412f519e58e86d1060fddf3ad401b783e4862e0a74c4c1/simplejson-3.20.1-cp313-cp313-musllinux_1_2_ppc64le.whl", hash = "sha256:8c09948f1a486a89251ee3a67c9f8c969b379f6ffff1a6064b41fea3bce0a112", size = 159027, upload-time = "2025-02-15T05:17:18.083Z" },
    { url = "https://files.pythonhosted.org/packages/03/c5/5950605e4ad023a6621cf4c931b29fd3d2a9c1f36be937230bfc83d7271d/simplejson-3.20.1-cp313-cp313-musllinux_1_2_x86_64.whl", hash = "sha256:cbbd7b215ad4fc6f058b5dd4c26ee5c59f72e031dfda3ac183d7968a99e4ca3a", size = 154380, upload-time = "2025-02-15T05:17:20.334Z" },
    { url = "https://files.pythonhosted.org/packages/66/ad/b74149557c5ec1e4e4d55758bda426f5d2ec0123cd01a53ae63b8de51fa3/simplejson-3.20.1-cp313-cp313-win32.whl", hash = "sha256:ae81e482476eaa088ef9d0120ae5345de924f23962c0c1e20abbdff597631f87", size = 74102, upload-time = "2025-02-15T05:17:22.475Z" },
    { url = "https://files.pythonhosted.org/packages/db/a9/25282fdd24493e1022f30b7f5cdf804255c007218b2bfaa655bd7ad34b2d/simplejson-3.20.1-cp313-cp313-win_amd64.whl", hash = "sha256:1b9fd15853b90aec3b1739f4471efbf1ac05066a2c7041bf8db821bb73cd2ddc", size = 75736, upload-time = "2025-02-15T05:17:24.122Z" },
    { url = "https://files.pythonhosted.org/packages/a9/85/89a0d847239a2696068503810880ee73b87177465a86a7942c95012fb875/simplejson-3.20.1-cp38-cp38-macosx_10_9_universal2.whl", hash = "sha256:7551682b60bba3a9e2780742e101cf0a64250e76de7d09b1c4b0c8a7c7cc6834", size = 91811, upload-time = "2025-02-15T05:18:06.073Z" },
    { url = "https://files.pythonhosted.org/packages/e6/74/018dd0d40cb7dd339af0a9fa992a264f347844c6ce9a6cd7a527d37d215b/simplejson-3.20.1-cp38-cp38-macosx_10_9_x86_64.whl", hash = "sha256:bd9577ec1c8c3a43040e3787711e4c257c70035b7551a21854b5dec88dad09e1", size = 74622, upload-time = "2025-02-15T05:18:08.143Z" },
    { url = "https://files.pythonhosted.org/packages/8f/53/f058e3a23a88834e113cf4a353acb5569f26995a07653d79425cffbb2c1b/simplejson-3.20.1-cp38-cp38-macosx_11_0_arm64.whl", hash = "sha256:4a8e197e4cf6d42c2c57e7c52cd7c1e7b3e37c5911df1314fb393320131e2101", size = 74711, upload-time = "2025-02-15T05:18:09.513Z" },
    { url = "https://files.pythonhosted.org/packages/c0/54/160fb59ef3441aae419d26a3fdb57648755594de43afb4406c25cf4908a1/simplejson-3.20.1-cp38-cp38-manylinux_2_17_aarch64.manylinux2014_aarch64.whl", hash = "sha256:6bd09c8c75666e7f62a33d2f1fb57f81da1fcbb19a9fe7d7910b5756e1dd6048", size = 136481, upload-time = "2025-02-15T05:18:11.119Z" },
    { url = "https://files.pythonhosted.org/packages/83/c5/0dbf3045eb6701a4b32cbbfa2813efa1b354078383c727ad593ebe280536/simplejson-3.20.1-cp38-cp38-manylinux_2_17_ppc64le.manylinux2014_ppc64le.whl", hash = "sha256:1bd6bfe5678d73fbd5328eea6a35216503796428fc47f1237432522febaf3a0c", size = 145858, upload-time = "2025-02-15T05:18:12.788Z" },
    { url = "https://files.pythonhosted.org/packages/36/d9/87e5586e79d6a840eb4278e8b6a4c064a6ebe2276b211af20899e407629a/simplejson-3.20.1-cp38-cp38-manylinux_2_5_i686.manylinux1_i686.manylinux_2_17_i686.manylinux2014_i686.whl", hash = "sha256:71b75d448fd0ceb2e7c90e72bb82c41f8462550d48529980bc0bab1d2495bfbb", size = 132981, upload-time = "2025-02-15T05:18:14.342Z" },
    { url = "https://files.pythonhosted.org/packages/eb/33/3c2cbeab7d0e8f8ba36e9cd5d85ee68e6d7ed4be93bbedd75090f5bc2961/simplejson-3.20.1-cp38-cp38-manylinux_2_5_x86_64.manylinux1_x86_64.manylinux_2_17_x86_64.manylinux2014_x86_64.whl", hash = "sha256:a7e15b716d09f318c8cda3e20f82fae81684ce3d3acd1d7770fa3007df1769de", size = 136680, upload-time = "2025-02-15T05:18:15.944Z" },
    { url = "https://files.pythonhosted.org/packages/db/c4/6d59270529aa4c1ca6dfffefa5c72469fa471fdaac7188532b7296e10880/simplejson-3.20.1-cp38-cp38-musllinux_1_2_aarch64.whl", hash = "sha256:3e7963197d958fcf9e98b212b80977d56c022384621ff463d98afc3b6b1ce7e8", size = 137146, upload-time = "2025-02-15T05:18:17.534Z" },
    { url = "https://files.pythonhosted.org/packages/50/69/2d307ed022eba08c4ee51e1d8ba9dfa01a8bb276ee9aa70d7911d1044f34/simplejson-3.20.1-cp38-cp38-musllinux_1_2_i686.whl", hash = "sha256:2e671dd62051129185d3a9a92c60101f56cbc174854a1a3dfb69114ebd9e1699", size = 138132, upload-time = "2025-02-15T05:18:19.107Z" },
    { url = "https://files.pythonhosted.org/packages/7b/9a/088179435b2c6036c67ca03baf0623e22dbb6b02ddd0fa2451b3a4786207/simplejson-3.20.1-cp38-cp38-musllinux_1_2_ppc64le.whl", hash = "sha256:e25b2a0c396f3b84fb89573d07b0e1846ed563eb364f2ea8230ca92b8a8cb786", size = 147139, upload-time = "2025-02-15T05:18:21.44Z" },
    { url = "https://files.pythonhosted.org/packages/9d/d7/19782d2c5393a44d3426be822ac0925b540d8c0ccb0431c18444794bfad3/simplejson-3.20.1-cp38-cp38-musllinux_1_2_x86_64.whl", hash = "sha256:489c3a43116082bad56795215786313832ba3991cca1f55838e52a553f451ab6", size = 138703, upload-time = "2025-02-15T05:18:23.486Z" },
    { url = "https://files.pythonhosted.org/packages/9b/47/0601712606cd85aa158ee3c1d46885b062f86a3ae45207fee42de717aa69/simplejson-3.20.1-cp38-cp38-win32.whl", hash = "sha256:4a92e948bad8df7fa900ba2ba0667a98303f3db206cbaac574935c332838208e", size = 74121, upload-time = "2025-02-15T05:18:25.129Z" },
    { url = "https://files.pythonhosted.org/packages/ba/54/2173e1e4b0c657ccb3b8ac994d1a7c1b36abbfc85fdec8535ccd4751c7bf/simplejson-3.20.1-cp38-cp38-win_amd64.whl", hash = "sha256:49d059b8363327eee3c94799dd96782314b2dbd7bcc293b4ad48db69d6f4d362", size = 75640, upload-time = "2025-02-15T05:18:26.771Z" },
    { url = "https://files.pythonhosted.org/packages/4c/ba/d32fe890a5edaf4a8518adf043bccf7866b600123f512a6de0988cf36810/simplejson-3.20.1-cp39-cp39-macosx_10_9_universal2.whl", hash = "sha256:a8011f1dd1d676befcd4d675ebdbfdbbefd3bf350052b956ba8c699fca7d8cef", size = 93773, upload-time = "2025-02-15T05:18:28.231Z" },
    { url = "https://files.pythonhosted.org/packages/48/c7/361e7f6695b56001a04e0a5cc623cd6c82ea2f45e872e61213e405cc8a24/simplejson-3.20.1-cp39-cp39-macosx_10_9_x86_64.whl", hash = "sha256:e91703a4c5fec53e36875ae426ad785f4120bd1d93b65bed4752eeccd1789e0c", size = 75697, upload-time = "2025-02-15T05:18:30.006Z" },
    { url = "https://files.pythonhosted.org/packages/3c/2f/d0ff0b772d4ef092876eb85c99bc591c446b0502715551dad7dfc7f7c2c0/simplejson-3.20.1-cp39-cp39-macosx_11_0_arm64.whl", hash = "sha256:e39eaa57c7757daa25bcd21f976c46be443b73dd6c3da47fe5ce7b7048ccefe2", size = 75692, upload-time = "2025-02-15T05:18:31.424Z" },
    { url = "https://files.pythonhosted.org/packages/26/94/cab4db9530b6ca9d62f16a260e8311b04130ccd670dab75e958fcb44590e/simplejson-3.20.1-cp39-cp39-manylinux_2_17_aarch64.manylinux2014_aarch64.whl", hash = "sha256:ceab2ce2acdc7fbaa433a93006758db6ba9a659e80c4faa13b80b9d2318e9b17", size = 138106, upload-time = "2025-02-15T05:18:32.907Z" },
    { url = "https://files.pythonhosted.org/packages/40/22/11c0f746bdb44c297cea8a37d8f7ccb75ea6681132aadfb9f820d9a52647/simplejson-3.20.1-cp39-cp39-manylinux_2_17_ppc64le.manylinux2014_ppc64le.whl", hash = "sha256:6d4f320c33277a5b715db5bf5b10dae10c19076bd6d66c2843e04bd12d1f1ea5", size = 146242, upload-time = "2025-02-15T05:18:35.223Z" },
    { url = "https://files.pythonhosted.org/packages/78/e9/b7c4c26f29b41cc41ba5f0224c47adbfa7f28427418edfd58ab122f3b584/simplejson-3.20.1-cp39-cp39-manylinux_2_5_i686.manylinux1_i686.manylinux_2_17_i686.manylinux2014_i686.whl", hash = "sha256:2b6436c48e64378fa844d8c9e58a5ed0352bbcfd4028369a9b46679b7ab79d2d", size = 133866, upload-time = "2025-02-15T05:18:36.998Z" },
    { url = "https://files.pythonhosted.org/packages/09/68/1e81ed83f38906c8859f2b973afb19302357d6003e724a6105cee0f61ec7/simplejson-3.20.1-cp39-cp39-manylinux_2_5_x86_64.manylinux1_x86_64.manylinux_2_17_x86_64.manylinux2014_x86_64.whl", hash = "sha256:6e18345c8dda5d699be8166b61f9d80aaee4545b709f1363f60813dc032dac53", size = 137444, upload-time = "2025-02-15T05:18:38.763Z" },
    { url = "https://files.pythonhosted.org/packages/9a/6b/8d1e076c543277c1d603230eec24f4dd75ebce46d351c0679526d202981f/simplejson-3.20.1-cp39-cp39-musllinux_1_2_aarch64.whl", hash = "sha256:90b573693d1526bed576f6817e2a492eaaef68f088b57d7a9e83d122bbb49e51", size = 139617, upload-time = "2025-02-15T05:18:40.36Z" },
    { url = "https://files.pythonhosted.org/packages/d1/46/7b74803de10d4157c5cd2e89028897fa733374667bc5520a44b23b6c887a/simplejson-3.20.1-cp39-cp39-musllinux_1_2_i686.whl", hash = "sha256:272cc767826e924a6bd369ea3dbf18e166ded29059c7a4d64d21a9a22424b5b5", size = 139725, upload-time = "2025-02-15T05:18:42.012Z" },
    { url = "https://files.pythonhosted.org/packages/4b/8f/9991582665a7b6d95415e439bb4fbaa4faf0f77231666675a0fd1de54107/simplejson-3.20.1-cp39-cp39-musllinux_1_2_ppc64le.whl", hash = "sha256:51b41f284d603c4380732d7d619f8b34bd04bc4aa0ed0ed5f4ffd0539b14da44", size = 148010, upload-time = "2025-02-15T05:18:43.749Z" },
    { url = "https://files.pythonhosted.org/packages/54/ee/3c6e91989cdf65ec75e75662d9f15cfe167a792b893806169ea5b1da6fd2/simplejson-3.20.1-cp39-cp39-musllinux_1_2_x86_64.whl", hash = "sha256:6e6697a3067d281f01de0fe96fc7cba4ea870d96d7deb7bfcf85186d74456503", size = 140624, upload-time = "2025-02-15T05:18:45.498Z" },
    { url = "https://files.pythonhosted.org/packages/9d/bd/05e13ebb7ead81c8b555f4ccc741ea7dfa0ef5c2a0c183d6a7bc50a02bca/simplejson-3.20.1-cp39-cp39-win32.whl", hash = "sha256:6dd3a1d5aca87bf947f3339b0f8e8e329f1badf548bdbff37fac63c17936da8e", size = 74148, upload-time = "2025-02-15T05:18:47.27Z" },
    { url = "https://files.pythonhosted.org/packages/88/c9/d8bf87aaebec5a4c3ccfd5228689578e2fe77027d6114a259255d54969bf/simplejson-3.20.1-cp39-cp39-win_amd64.whl", hash = "sha256:463f1fca8fbf23d088e5850fdd0dd4d5faea8900a9f9680270bd98fd649814ca", size = 75732, upload-time = "2025-02-15T05:18:49.598Z" },
    { url = "https://files.pythonhosted.org/packages/4b/30/00f02a0a921556dd5a6db1ef2926a1bc7a8bbbfb1c49cfed68a275b8ab2b/simplejson-3.20.1-py3-none-any.whl", hash = "sha256:8a6c1bbac39fa4a79f83cbf1df6ccd8ff7069582a9fd8db1e52cea073bc2c697", size = 57121, upload-time = "2025-02-15T05:18:51.243Z" },
]

[[package]]
name = "six"
version = "1.17.0"
source = { registry = "https://pypi.org/simple" }
sdist = { url = "https://files.pythonhosted.org/packages/94/e7/b2c673351809dca68a0e064b6af791aa332cf192da575fd474ed7d6f16a2/six-1.17.0.tar.gz", hash = "sha256:ff70335d468e7eb6ec65b95b99d3a2836546063f63acc5171de367e834932a81", size = 34031, upload-time = "2024-12-04T17:35:28.174Z" }
wheels = [
    { url = "https://files.pythonhosted.org/packages/b7/ce/149a00dd41f10bc29e5921b496af8b574d8413afcd5e30dfa0ed46c2cc5e/six-1.17.0-py2.py3-none-any.whl", hash = "sha256:4721f391ed90541fddacab5acf947aa0d3dc7d27b2e1e8eda2be8970586c3274", size = 11050, upload-time = "2024-12-04T17:35:26.475Z" },
]
